
Microsoft Visual Studio Solution File, Format Version 12.00
# Visual Studio 2013
VisualStudioVersion = 12.0.30501.0
MinimumVisualStudioVersion = 10.0.40219.1
Project("{E24C65DC-7377-472B-9ABA-BC803B73C61A}") = "Website", "http://localhost:49595", "{67B0CF2F-DC1C-4B8E-A853-DF81E730F3E5}"
	ProjectSection(WebsiteProperties) = preProject
		UseIISExpress = "true"
		TargetFrameworkMoniker = ".NETFramework,Version%3Dv4.5"
		ProjectReferences = "{6b6d7ce3-1980-4be5-b8c3-81ab7373affd}|eRestaurant.dll;"
		Debug.AspNetCompiler.VirtualPath = "/localhost_49595"
		Debug.AspNetCompiler.PhysicalPath = "Website\"
		Debug.AspNetCompiler.TargetPath = "PrecompiledWeb\localhost_49595\"
		Debug.AspNetCompiler.Updateable = "true"
		Debug.AspNetCompiler.ForceOverwrite = "true"
		Debug.AspNetCompiler.FixedNames = "false"
		Debug.AspNetCompiler.Debug = "True"
		Release.AspNetCompiler.VirtualPath = "/localhost_49595"
		Release.AspNetCompiler.PhysicalPath = "Website\"
		Release.AspNetCompiler.TargetPath = "PrecompiledWeb\localhost_49595\"
		Release.AspNetCompiler.Updateable = "true"
		Release.AspNetCompiler.ForceOverwrite = "true"
		Release.AspNetCompiler.FixedNames = "false"
		Release.AspNetCompiler.Debug = "False"
		SlnRelativePath = "Website\"
		DefaultWebSiteLanguage = "Visual C#"
	EndProjectSection
EndProject
Project("{FAE04EC0-301F-11D3-BF4B-00C04F79EFBC}") = "eRestaurant", "eRestaurant\eRestaurant.csproj", "{6B6D7CE3-1980-4BE5-B8C3-81AB7373AFFD}"
EndProject
Global
	GlobalSection(SolutionConfigurationPlatforms) = preSolution
		Debug|Any CPU = Debug|Any CPU
		Release|Any CPU = Release|Any CPU
	EndGlobalSection
	GlobalSection(ProjectConfigurationPlatforms) = postSolution
		{67B0CF2F-DC1C-4B8E-A853-DF81E730F3E5}.Debug|Any CPU.ActiveCfg = Debug|Any CPU
		{67B0CF2F-DC1C-4B8E-A853-DF81E730F3E5}.Debug|Any CPU.Build.0 = Debug|Any CPU
		{67B0CF2F-DC1C-4B8E-A853-DF81E730F3E5}.Release|Any CPU.ActiveCfg = Debug|Any CPU
		{67B0CF2F-DC1C-4B8E-A853-DF81E730F3E5}.Release|Any CPU.Build.0 = Debug|Any CPU
		{6B6D7CE3-1980-4BE5-B8C3-81AB7373AFFD}.Debug|Any CPU.ActiveCfg = Debug|Any CPU
		{6B6D7CE3-1980-4BE5-B8C3-81AB7373AFFD}.Debug|Any CPU.Build.0 = Debug|Any CPU
		{6B6D7CE3-1980-4BE5-B8C3-81AB7373AFFD}.Release|Any CPU.ActiveCfg = Release|Any CPU
		{6B6D7CE3-1980-4BE5-B8C3-81AB7373AFFD}.Release|Any CPU.Build.0 = Release|Any CPU
	EndGlobalSection
	GlobalSection(SolutionProperties) = preSolution
		HideSolutionNode = FALSE
	EndGlobalSection
EndGlobal
